
Microsoft Visual Studio Solution File, Format Version 12.00
# Visual Studio Version 17
VisualStudioVersion = 17.8.34316.72
MinimumVisualStudioVersion = 10.0.40219.1
Project("{FAE04EC0-301F-11D3-BF4B-00C04F79EFBC}") = "RedBus", "RedBus\RedBus.csproj", "{B556506C-01A1-40AB-8AED-4DB2CB3C87C7}"
EndProject
Global
	GlobalSection(SolutionConfigurationPlatforms) = preSolution
		Debug|Any CPU = Debug|Any CPU
		Release|Any CPU = Release|Any CPU
	EndGlobalSection
	GlobalSection(ProjectConfigurationPlatforms) = postSolution
		{B556506C-01A1-40AB-8AED-4DB2CB3C87C7}.Debug|Any CPU.ActiveCfg = Debug|Any CPU
		{B556506C-01A1-40AB-8AED-4DB2CB3C87C7}.Debug|Any CPU.Build.0 = Debug|Any CPU
		{B556506C-01A1-40AB-8AED-4DB2CB3C87C7}.Release|Any CPU.ActiveCfg = Release|Any CPU
		{B556506C-01A1-40AB-8AED-4DB2CB3C87C7}.Release|Any CPU.Build.0 = Release|Any CPU
	EndGlobalSection
	GlobalSection(SolutionProperties) = preSolution
		HideSolutionNode = FALSE
	EndGlobalSection
	GlobalSection(ExtensibilityGlobals) = postSolution
		SolutionGuid = {B60A5EFA-4015-44DB-8D38-86001DF3F4A4}
	EndGlobalSection
EndGlobal
